
Microsoft Visual Studio Solution File, Format Version 12.00
# Visual Studio Version 16
VisualStudioVersion = 16.0.29519.181
MinimumVisualStudioVersion = 10.0.40219.1
Project("{9A19103F-16F7-4668-BE54-9A1E7A4F7556}") = "BlazorComponents", "BlazorComponents\BlazorComponents.csproj", "{15A45DAC-5AB6-4297-8A06-170551A5DEA9}"
EndProject
Project("{9A19103F-16F7-4668-BE54-9A1E7A4F7556}") = "BlazorServer", "BlazorServer\BlazorServer.csproj", "{456B7D16-8048-482E-9D96-FD0A23B42567}"
EndProject
Project("{9A19103F-16F7-4668-BE54-9A1E7A4F7556}") = "SQLiteEx", "SQLiteEx\SQLiteEx.csproj", "{EDCE6E91-A39E-41AB-B769-098794ED6F44}"
EndProject
Global
	GlobalSection(SolutionConfigurationPlatforms) = preSolution
		Debug|Any CPU = Debug|Any CPU
		Release|Any CPU = Release|Any CPU
	EndGlobalSection
	GlobalSection(ProjectConfigurationPlatforms) = postSolution
		{15A45DAC-5AB6-4297-8A06-170551A5DEA9}.Debug|Any CPU.ActiveCfg = Debug|Any CPU
		{15A45DAC-5AB6-4297-8A06-170551A5DEA9}.Debug|Any CPU.Build.0 = Debug|Any CPU
		{15A45DAC-5AB6-4297-8A06-170551A5DEA9}.Release|Any CPU.ActiveCfg = Release|Any CPU
		{15A45DAC-5AB6-4297-8A06-170551A5DEA9}.Release|Any CPU.Build.0 = Release|Any CPU
		{456B7D16-8048-482E-9D96-FD0A23B42567}.Debug|Any CPU.ActiveCfg = Debug|Any CPU
		{456B7D16-8048-482E-9D96-FD0A23B42567}.Debug|Any CPU.Build.0 = Debug|Any CPU
		{456B7D16-8048-482E-9D96-FD0A23B42567}.Release|Any CPU.ActiveCfg = Release|Any CPU
		{456B7D16-8048-482E-9D96-FD0A23B42567}.Release|Any CPU.Build.0 = Release|Any CPU
		{EDCE6E91-A39E-41AB-B769-098794ED6F44}.Debug|Any CPU.ActiveCfg = Debug|Any CPU
		{EDCE6E91-A39E-41AB-B769-098794ED6F44}.Debug|Any CPU.Build.0 = Debug|Any CPU
		{EDCE6E91-A39E-41AB-B769-098794ED6F44}.Release|Any CPU.ActiveCfg = Release|Any CPU
		{EDCE6E91-A39E-41AB-B769-098794ED6F44}.Release|Any CPU.Build.0 = Release|Any CPU
	EndGlobalSection
	GlobalSection(SolutionProperties) = preSolution
		HideSolutionNode = FALSE
	EndGlobalSection
	GlobalSection(ExtensibilityGlobals) = postSolution
		SolutionGuid = {4C42EB9E-D249-426E-AEC0-C41A9032F1E6}
	EndGlobalSection
EndGlobal
